
Microsoft Visual Studio Solution File, Format Version 12.00
# Visual Studio Version 16
VisualStudioVersion = 16.0.33027.164
MinimumVisualStudioVersion = 10.0.40219.1
Project("{FAE04EC0-301F-11D3-BF4B-00C04F79EFBC}") = "Camera", "Camera\Camera.csproj", "{E1182D49-864D-44C7-9655-AC9BB306A42D}"
EndProject
Global
	GlobalSection(SolutionConfigurationPlatforms) = preSolution
		Debug|Any CPU = Debug|Any CPU
		Release|Any CPU = Release|Any CPU
	EndGlobalSection
	GlobalSection(ProjectConfigurationPlatforms) = postSolution
		{E1182D49-864D-44C7-9655-AC9BB306A42D}.Debug|Any CPU.ActiveCfg = Debug|Any CPU
		{E1182D49-864D-44C7-9655-AC9BB306A42D}.Debug|Any CPU.Build.0 = Debug|Any CPU
		{E1182D49-864D-44C7-9655-AC9BB306A42D}.Release|Any CPU.ActiveCfg = Release|Any CPU
		{E1182D49-864D-44C7-9655-AC9BB306A42D}.Release|Any CPU.Build.0 = Release|Any CPU
	EndGlobalSection
	GlobalSection(SolutionProperties) = preSolution
		HideSolutionNode = FALSE
	EndGlobalSection
	GlobalSection(ExtensibilityGlobals) = postSolution
		SolutionGuid = {68D98FE0-3E03-4996-A12C-C5A7EC3F9693}
	EndGlobalSection
EndGlobal
